
Microsoft Visual Studio Solution File, Format Version 12.00
# Visual Studio Version 17
VisualStudioVersion = 17.4.33403.182
MinimumVisualStudioVersion = 10.0.40219.1
Project("{FAE04EC0-301F-11D3-BF4B-00C04F79EFBC}") = "JwtWebApi", "JwtWebApi\JwtWebApi.csproj", "{F2D10CC6-1668-4770-867E-93B643ACF406}"
EndProject
Global
	GlobalSection(SolutionConfigurationPlatforms) = preSolution
		Debug|Any CPU = Debug|Any CPU
		Release|Any CPU = Release|Any CPU
	EndGlobalSection
	GlobalSection(ProjectConfigurationPlatforms) = postSolution
		{F2D10CC6-1668-4770-867E-93B643ACF406}.Debug|Any CPU.ActiveCfg = Debug|Any CPU
		{F2D10CC6-1668-4770-867E-93B643ACF406}.Debug|Any CPU.Build.0 = Debug|Any CPU
		{F2D10CC6-1668-4770-867E-93B643ACF406}.Release|Any CPU.ActiveCfg = Release|Any CPU
		{F2D10CC6-1668-4770-867E-93B643ACF406}.Release|Any CPU.Build.0 = Release|Any CPU
	EndGlobalSection
	GlobalSection(SolutionProperties) = preSolution
		HideSolutionNode = FALSE
	EndGlobalSection
	GlobalSection(ExtensibilityGlobals) = postSolution
		SolutionGuid = {E30AEF9F-A404-49D6-B301-3F732E1AC1E6}
	EndGlobalSection
EndGlobal
